
Microsoft Visual Studio Solution File, Format Version 12.00
# Visual Studio Version 17
VisualStudioVersion = 17.9.34714.143
MinimumVisualStudioVersion = 10.0.40219.1
Project("{FAE04EC0-301F-11D3-BF4B-00C04F79EFBC}") = "ASS 1", "ASS 1\ASS 1.csproj", "{C101ACA8-BB7C-4AE7-B05D-C9E849B5CF79}"
EndProject
Global
	GlobalSection(SolutionConfigurationPlatforms) = preSolution
		Debug|Any CPU = Debug|Any CPU
		Release|Any CPU = Release|Any CPU
	EndGlobalSection
	GlobalSection(ProjectConfigurationPlatforms) = postSolution
		{C101ACA8-BB7C-4AE7-B05D-C9E849B5CF79}.Debug|Any CPU.ActiveCfg = Debug|Any CPU
		{C101ACA8-BB7C-4AE7-B05D-C9E849B5CF79}.Debug|Any CPU.Build.0 = Debug|Any CPU
		{C101ACA8-BB7C-4AE7-B05D-C9E849B5CF79}.Release|Any CPU.ActiveCfg = Release|Any CPU
		{C101ACA8-BB7C-4AE7-B05D-C9E849B5CF79}.Release|Any CPU.Build.0 = Release|Any CPU
	EndGlobalSection
	GlobalSection(SolutionProperties) = preSolution
		HideSolutionNode = FALSE
	EndGlobalSection
	GlobalSection(ExtensibilityGlobals) = postSolution
		SolutionGuid = {4F65DA4D-A052-4A62-B97A-F64247D495D4}
	EndGlobalSection
EndGlobal
